
Microsoft Visual Studio Solution File, Format Version 12.00
# Visual Studio Version 16
VisualStudioVersion = 16.0.30503.244
MinimumVisualStudioVersion = 10.0.40219.1
Project("{9A19103F-16F7-4668-BE54-9A1E7A4F7556}") = "Relm", "Relm\Relm.csproj", "{86F51175-5F1B-4CB1-BBD7-8988D26B5F67}"
EndProject
Project("{FAE04EC0-301F-11D3-BF4B-00C04F79EFBC}") = "Relm.ContentCopy", "Relm.ContentCopy\Relm.ContentCopy.csproj", "{BC140D52-A231-4BC0-81FD-07E8E7711A8C}"
EndProject
Global
	GlobalSection(SolutionConfigurationPlatforms) = preSolution
		Debug|Any CPU = Debug|Any CPU
		Release|Any CPU = Release|Any CPU
	EndGlobalSection
	GlobalSection(ProjectConfigurationPlatforms) = postSolution
		{86F51175-5F1B-4CB1-BBD7-8988D26B5F67}.Debug|Any CPU.ActiveCfg = Debug|Any CPU
		{86F51175-5F1B-4CB1-BBD7-8988D26B5F67}.Debug|Any CPU.Build.0 = Debug|Any CPU
		{86F51175-5F1B-4CB1-BBD7-8988D26B5F67}.Release|Any CPU.ActiveCfg = Release|Any CPU
		{86F51175-5F1B-4CB1-BBD7-8988D26B5F67}.Release|Any CPU.Build.0 = Release|Any CPU
		{BC140D52-A231-4BC0-81FD-07E8E7711A8C}.Debug|Any CPU.ActiveCfg = Debug|Any CPU
		{BC140D52-A231-4BC0-81FD-07E8E7711A8C}.Debug|Any CPU.Build.0 = Debug|Any CPU
		{BC140D52-A231-4BC0-81FD-07E8E7711A8C}.Release|Any CPU.ActiveCfg = Release|Any CPU
		{BC140D52-A231-4BC0-81FD-07E8E7711A8C}.Release|Any CPU.Build.0 = Release|Any CPU
	EndGlobalSection
	GlobalSection(SolutionProperties) = preSolution
		HideSolutionNode = FALSE
	EndGlobalSection
	GlobalSection(ExtensibilityGlobals) = postSolution
		SolutionGuid = {0DAF7DA2-6859-4BC4-90E1-C9C4FF636EAE}
	EndGlobalSection
EndGlobal
